<?xml version="1.0" encoding="utf-8"?>
<Project ToolsVersion="4.0" xmlns="http://schemas.microsoft.com/developer/msbuild/2003">
  <ItemGroup>
    <Filter Include="Source Files">
      <UniqueIdentifier>{4FC737F1-C7A5-4376-A066-2A32D752A2FF}</UniqueIdentifier>
      <Extensions>cpp;c;cc;cxx;c++;cppm;ixx;def;odl;idl;hpj;bat;asm;asmx</Extensions>
    </Filter>
    <Filter Include="Header Files">
      <UniqueIdentifier>{93995380-89BD-4b04-88EB-625FBE52EBFB}</UniqueIdentifier>
      <Extensions>h;hh;hpp;hxx;h++;hm;inl;inc;ipp;xsd</Extensions>
    </Filter>
    <Filter Include="Resource Files">
      <UniqueIdentifier>{67DA6AB6-F800-4c08-8B7A-83BB121AAD01}</UniqueIdentifier>
      <Extensions>rc;ico;cur;bmp;dlg;rc2;rct;bin;rgs;gif;jpg;jpeg;jpe;resx;tiff;tif;png;wav;mfcribbon-ms</Extensions>
    </Filter>
    <Filter Include="Header Files\implementation">
      <UniqueIdentifier>{43382dfd-d723-4048-a9e8-4da95c9122d4}</UniqueIdentifier>
    </Filter>
    <Filter Include="Source Files\implementation">
      <UniqueIdentifier>{08e44de6-d7fc-40a9-8db7-17aafcc51ed1}</UniqueIdentifier>
    </Filter>
  </ItemGroup>
  <ItemGroup>
    <ClCompile Include="dllmain.cpp">
      <Filter>Source Files</Filter>
    </ClCompile>
    <ClCompile Include="LicensingAPIImplementation.cpp">
      <Filter>Source Files\implementation</Filter>
    </ClCompile>
    <ClCompile Include="LicenseLoaderImplementation.cpp">
      <Filter>Source Files\implementation</Filter>
    </ClCompile>
    <ClCompile Include="LicenseClientImplementation.cpp">
      <Filter>Source Files\implementation</Filter>
    </ClCompile>
  </ItemGroup>
  <ItemGroup>
    <ClInclude Include="LicensingAPI.h">
      <Filter>Header Files</Filter>
    </ClInclude>
    <ClInclude Include="LicenseReserveFailure.h">
      <Filter>Header Files</Filter>
    </ClInclude>
    <ClInclude Include="LicenseClient.h">
      <Filter>Header Files</Filter>
    </ClInclude>
    <ClInclude Include="LicenseLoader.h">
      <Filter>Header Files</Filter>
    </ClInclude>
    <ClInclude Include="License.h">
      <Filter>Header Files</Filter>
    </ClInclude>
    <ClInclude Include="LicensingAPIImplementation.h">
      <Filter>Header Files\implementation</Filter>
    </ClInclude>
    <ClInclude Include="LicensingDLL.h">
      <Filter>Header Files</Filter>
    </ClInclude>
    <ClInclude Include="LicenseClientImplementation.h">
      <Filter>Header Files\implementation</Filter>
    </ClInclude>
    <ClInclude Include="LicenseLoaderImplementation.h">
      <Filter>Header Files\implementation</Filter>
    </ClInclude>
  </ItemGroup>
  <ItemGroup>
    <None Include="packages.config" />
  </ItemGroup>
</Project>